
Microsoft Visual Studio Solution File, Format Version 11.00
# Visual Studio 2010
Project("{FAE04EC0-301F-11D3-BF4B-00C04F79EFBC}") = "Nubs", "Application\Nubs.csproj", "{E4913640-8A5E-4551-99BB-62B481464E88}"
EndProject
Project("{8BC9CEB8-8B4A-11D0-8D11-00A0C91BC942}") = "Nubs.Hook", "Hook\Nubs.Hooks.vcxproj", "{77DCAD8D-66CD-4707-BE8E-3762C6E7B06B}"
EndProject
Project("{FAE04EC0-301F-11D3-BF4B-00C04F79EFBC}") = "Shellscape.Lib", "..\Shellscape.Lib\Shellscape.Lib\Shellscape.Lib.csproj", "{F7F1F64D-F6CD-42A9-B167-546E4EA31463}"
EndProject
Project("{FAE04EC0-301F-11D3-BF4B-00C04F79EFBC}") = "Windows API Core", "..\Shellscape.Lib\Windows API Code Pack\Core\Windows API Core.csproj", "{2E1FB0DF-F9BB-4909-9F32-2D9D022A8E57}"
EndProject
Project("{FAE04EC0-301F-11D3-BF4B-00C04F79EFBC}") = "Windows API Shell", "..\Shellscape.Lib\Windows API Code Pack\Shell\Windows API Shell.csproj", "{AA0C00CB-8699-4F37-BFAE-40CA87ACC06D}"
EndProject
Global
	GlobalSection(SolutionConfigurationPlatforms) = preSolution
		CodeAnalysisDebug|Any CPU = CodeAnalysisDebug|Any CPU
		CodeAnalysisDebug|Mixed Platforms = CodeAnalysisDebug|Mixed Platforms
		CodeAnalysisDebug|Win32 = CodeAnalysisDebug|Win32
		CodeAnalysisDebug|x64 = CodeAnalysisDebug|x64
		CodeAnalysisDebug|x86 = CodeAnalysisDebug|x86
		Debug|Any CPU = Debug|Any CPU
		Debug|Mixed Platforms = Debug|Mixed Platforms
		Debug|Win32 = Debug|Win32
		Debug|x64 = Debug|x64
		Debug|x86 = Debug|x86
		Release|Any CPU = Release|Any CPU
		Release|Mixed Platforms = Release|Mixed Platforms
		Release|Win32 = Release|Win32
		Release|x64 = Release|x64
		Release|x86 = Release|x86
	EndGlobalSection
	GlobalSection(ProjectConfigurationPlatforms) = postSolution
		{E4913640-8A5E-4551-99BB-62B481464E88}.CodeAnalysisDebug|Any CPU.ActiveCfg = Debug|x86
		{E4913640-8A5E-4551-99BB-62B481464E88}.CodeAnalysisDebug|Mixed Platforms.ActiveCfg = Debug|x86
		{E4913640-8A5E-4551-99BB-62B481464E88}.CodeAnalysisDebug|Mixed Platforms.Build.0 = Debug|x86
		{E4913640-8A5E-4551-99BB-62B481464E88}.CodeAnalysisDebug|Win32.ActiveCfg = Debug|x86
		{E4913640-8A5E-4551-99BB-62B481464E88}.CodeAnalysisDebug|x64.ActiveCfg = Debug|x86
		{E4913640-8A5E-4551-99BB-62B481464E88}.CodeAnalysisDebug|x86.ActiveCfg = Debug|x86
		{E4913640-8A5E-4551-99BB-62B481464E88}.CodeAnalysisDebug|x86.Build.0 = Debug|x86
		{E4913640-8A5E-4551-99BB-62B481464E88}.Debug|Any CPU.ActiveCfg = Debug|x86
		{E4913640-8A5E-4551-99BB-62B481464E88}.Debug|Mixed Platforms.ActiveCfg = Debug|x86
		{E4913640-8A5E-4551-99BB-62B481464E88}.Debug|Mixed Platforms.Build.0 = Debug|x86
		{E4913640-8A5E-4551-99BB-62B481464E88}.Debug|Win32.ActiveCfg = Debug|x86
		{E4913640-8A5E-4551-99BB-62B481464E88}.Debug|x64.ActiveCfg = Debug|x86
		{E4913640-8A5E-4551-99BB-62B481464E88}.Debug|x86.ActiveCfg = Debug|x86
		{E4913640-8A5E-4551-99BB-62B481464E88}.Debug|x86.Build.0 = Debug|x86
		{E4913640-8A5E-4551-99BB-62B481464E88}.Release|Any CPU.ActiveCfg = Release|x86
		{E4913640-8A5E-4551-99BB-62B481464E88}.Release|Mixed Platforms.ActiveCfg = Release|x86
		{E4913640-8A5E-4551-99BB-62B481464E88}.Release|Mixed Platforms.Build.0 = Release|x86
		{E4913640-8A5E-4551-99BB-62B481464E88}.Release|Win32.ActiveCfg = Release|x86
		{E4913640-8A5E-4551-99BB-62B481464E88}.Release|x64.ActiveCfg = Release|x86
		{E4913640-8A5E-4551-99BB-62B481464E88}.Release|x86.ActiveCfg = Release|x86
		{E4913640-8A5E-4551-99BB-62B481464E88}.Release|x86.Build.0 = Release|x86
		{77DCAD8D-66CD-4707-BE8E-3762C6E7B06B}.CodeAnalysisDebug|Any CPU.ActiveCfg = Debug|Win32
		{77DCAD8D-66CD-4707-BE8E-3762C6E7B06B}.CodeAnalysisDebug|Mixed Platforms.ActiveCfg = Debug|Win32
		{77DCAD8D-66CD-4707-BE8E-3762C6E7B06B}.CodeAnalysisDebug|Mixed Platforms.Build.0 = Debug|Win32
		{77DCAD8D-66CD-4707-BE8E-3762C6E7B06B}.CodeAnalysisDebug|Win32.ActiveCfg = Debug|Win32
		{77DCAD8D-66CD-4707-BE8E-3762C6E7B06B}.CodeAnalysisDebug|Win32.Build.0 = Debug|Win32
		{77DCAD8D-66CD-4707-BE8E-3762C6E7B06B}.CodeAnalysisDebug|x64.ActiveCfg = Debug|Win32
		{77DCAD8D-66CD-4707-BE8E-3762C6E7B06B}.CodeAnalysisDebug|x86.ActiveCfg = Debug|Win32
		{77DCAD8D-66CD-4707-BE8E-3762C6E7B06B}.Debug|Any CPU.ActiveCfg = Debug|Win32
		{77DCAD8D-66CD-4707-BE8E-3762C6E7B06B}.Debug|Mixed Platforms.ActiveCfg = Debug|Win32
		{77DCAD8D-66CD-4707-BE8E-3762C6E7B06B}.Debug|Mixed Platforms.Build.0 = Debug|Win32
		{77DCAD8D-66CD-4707-BE8E-3762C6E7B06B}.Debug|Win32.ActiveCfg = Debug|Win32
		{77DCAD8D-66CD-4707-BE8E-3762C6E7B06B}.Debug|Win32.Build.0 = Debug|Win32
		{77DCAD8D-66CD-4707-BE8E-3762C6E7B06B}.Debug|x64.ActiveCfg = Debug|Win32
		{77DCAD8D-66CD-4707-BE8E-3762C6E7B06B}.Debug|x86.ActiveCfg = Debug|Win32
		{77DCAD8D-66CD-4707-BE8E-3762C6E7B06B}.Release|Any CPU.ActiveCfg = Release|Win32
		{77DCAD8D-66CD-4707-BE8E-3762C6E7B06B}.Release|Mixed Platforms.ActiveCfg = Release|Win32
		{77DCAD8D-66CD-4707-BE8E-3762C6E7B06B}.Release|Mixed Platforms.Build.0 = Release|Win32
		{77DCAD8D-66CD-4707-BE8E-3762C6E7B06B}.Release|Win32.ActiveCfg = Release|Win32
		{77DCAD8D-66CD-4707-BE8E-3762C6E7B06B}.Release|Win32.Build.0 = Release|Win32
		{77DCAD8D-66CD-4707-BE8E-3762C6E7B06B}.Release|x64.ActiveCfg = Release|Win32
		{77DCAD8D-66CD-4707-BE8E-3762C6E7B06B}.Release|x86.ActiveCfg = Release|Win32
		{F7F1F64D-F6CD-42A9-B167-546E4EA31463}.CodeAnalysisDebug|Any CPU.ActiveCfg = Debug|Any CPU
		{F7F1F64D-F6CD-42A9-B167-546E4EA31463}.CodeAnalysisDebug|Any CPU.Build.0 = Debug|Any CPU
		{F7F1F64D-F6CD-42A9-B167-546E4EA31463}.CodeAnalysisDebug|Mixed Platforms.ActiveCfg = Debug|Any CPU
		{F7F1F64D-F6CD-42A9-B167-546E4EA31463}.CodeAnalysisDebug|Mixed Platforms.Build.0 = Debug|Any CPU
		{F7F1F64D-F6CD-42A9-B167-546E4EA31463}.CodeAnalysisDebug|Win32.ActiveCfg = Debug|Any CPU
		{F7F1F64D-F6CD-42A9-B167-546E4EA31463}.CodeAnalysisDebug|x64.ActiveCfg = Debug|Any CPU
		{F7F1F64D-F6CD-42A9-B167-546E4EA31463}.CodeAnalysisDebug|x86.ActiveCfg = Debug|Any CPU
		{F7F1F64D-F6CD-42A9-B167-546E4EA31463}.Debug|Any CPU.ActiveCfg = Debug|Any CPU
		{F7F1F64D-F6CD-42A9-B167-546E4EA31463}.Debug|Any CPU.Build.0 = Debug|Any CPU
		{F7F1F64D-F6CD-42A9-B167-546E4EA31463}.Debug|Mixed Platforms.ActiveCfg = Debug|Any CPU
		{F7F1F64D-F6CD-42A9-B167-546E4EA31463}.Debug|Mixed Platforms.Build.0 = Debug|Any CPU
		{F7F1F64D-F6CD-42A9-B167-546E4EA31463}.Debug|Win32.ActiveCfg = Debug|Any CPU
		{F7F1F64D-F6CD-42A9-B167-546E4EA31463}.Debug|x64.ActiveCfg = Debug|Any CPU
		{F7F1F64D-F6CD-42A9-B167-546E4EA31463}.Debug|x86.ActiveCfg = Debug|Any CPU
		{F7F1F64D-F6CD-42A9-B167-546E4EA31463}.Release|Any CPU.ActiveCfg = Release|Any CPU
		{F7F1F64D-F6CD-42A9-B167-546E4EA31463}.Release|Any CPU.Build.0 = Release|Any CPU
		{F7F1F64D-F6CD-42A9-B167-546E4EA31463}.Release|Mixed Platforms.ActiveCfg = Release|Any CPU
		{F7F1F64D-F6CD-42A9-B167-546E4EA31463}.Release|Mixed Platforms.Build.0 = Release|Any CPU
		{F7F1F64D-F6CD-42A9-B167-546E4EA31463}.Release|Win32.ActiveCfg = Release|Any CPU
		{F7F1F64D-F6CD-42A9-B167-546E4EA31463}.Release|x64.ActiveCfg = Release|Any CPU
		{F7F1F64D-F6CD-42A9-B167-546E4EA31463}.Release|x86.ActiveCfg = Release|Any CPU
		{2E1FB0DF-F9BB-4909-9F32-2D9D022A8E57}.CodeAnalysisDebug|Any CPU.ActiveCfg = Debug|Any CPU
		{2E1FB0DF-F9BB-4909-9F32-2D9D022A8E57}.CodeAnalysisDebug|Any CPU.Build.0 = Debug|Any CPU
		{2E1FB0DF-F9BB-4909-9F32-2D9D022A8E57}.CodeAnalysisDebug|Mixed Platforms.ActiveCfg = Debug|x64
		{2E1FB0DF-F9BB-4909-9F32-2D9D022A8E57}.CodeAnalysisDebug|Mixed Platforms.Build.0 = Debug|x64
		{2E1FB0DF-F9BB-4909-9F32-2D9D022A8E57}.CodeAnalysisDebug|Win32.ActiveCfg = Debug|x64
		{2E1FB0DF-F9BB-4909-9F32-2D9D022A8E57}.CodeAnalysisDebug|x64.ActiveCfg = Debug|x64
		{2E1FB0DF-F9BB-4909-9F32-2D9D022A8E57}.CodeAnalysisDebug|x64.Build.0 = Debug|x64
		{2E1FB0DF-F9BB-4909-9F32-2D9D022A8E57}.CodeAnalysisDebug|x86.ActiveCfg = Debug|x64
		{2E1FB0DF-F9BB-4909-9F32-2D9D022A8E57}.Debug|Any CPU.ActiveCfg = Debug|Any CPU
		{2E1FB0DF-F9BB-4909-9F32-2D9D022A8E57}.Debug|Any CPU.Build.0 = Debug|Any CPU
		{2E1FB0DF-F9BB-4909-9F32-2D9D022A8E57}.Debug|Mixed Platforms.ActiveCfg = Debug|x64
		{2E1FB0DF-F9BB-4909-9F32-2D9D022A8E57}.Debug|Mixed Platforms.Build.0 = Debug|x64
		{2E1FB0DF-F9BB-4909-9F32-2D9D022A8E57}.Debug|Win32.ActiveCfg = Debug|x64
		{2E1FB0DF-F9BB-4909-9F32-2D9D022A8E57}.Debug|x64.ActiveCfg = Debug|x64
		{2E1FB0DF-F9BB-4909-9F32-2D9D022A8E57}.Debug|x64.Build.0 = Debug|x64
		{2E1FB0DF-F9BB-4909-9F32-2D9D022A8E57}.Debug|x86.ActiveCfg = Debug|x64
		{2E1FB0DF-F9BB-4909-9F32-2D9D022A8E57}.Release|Any CPU.ActiveCfg = Release|Any CPU
		{2E1FB0DF-F9BB-4909-9F32-2D9D022A8E57}.Release|Any CPU.Build.0 = Release|Any CPU
		{2E1FB0DF-F9BB-4909-9F32-2D9D022A8E57}.Release|Mixed Platforms.ActiveCfg = Release|x64
		{2E1FB0DF-F9BB-4909-9F32-2D9D022A8E57}.Release|Mixed Platforms.Build.0 = Release|x64
		{2E1FB0DF-F9BB-4909-9F32-2D9D022A8E57}.Release|Win32.ActiveCfg = Release|x64
		{2E1FB0DF-F9BB-4909-9F32-2D9D022A8E57}.Release|x64.ActiveCfg = Release|x64
		{2E1FB0DF-F9BB-4909-9F32-2D9D022A8E57}.Release|x64.Build.0 = Release|x64
		{2E1FB0DF-F9BB-4909-9F32-2D9D022A8E57}.Release|x86.ActiveCfg = Release|x64
		{AA0C00CB-8699-4F37-BFAE-40CA87ACC06D}.CodeAnalysisDebug|Any CPU.ActiveCfg = CodeAnalysisDebug|Any CPU
		{AA0C00CB-8699-4F37-BFAE-40CA87ACC06D}.CodeAnalysisDebug|Any CPU.Build.0 = CodeAnalysisDebug|Any CPU
		{AA0C00CB-8699-4F37-BFAE-40CA87ACC06D}.CodeAnalysisDebug|Mixed Platforms.ActiveCfg = CodeAnalysisDebug|x64
		{AA0C00CB-8699-4F37-BFAE-40CA87ACC06D}.CodeAnalysisDebug|Mixed Platforms.Build.0 = CodeAnalysisDebug|x64
		{AA0C00CB-8699-4F37-BFAE-40CA87ACC06D}.CodeAnalysisDebug|Win32.ActiveCfg = CodeAnalysisDebug|x64
		{AA0C00CB-8699-4F37-BFAE-40CA87ACC06D}.CodeAnalysisDebug|x64.ActiveCfg = CodeAnalysisDebug|x64
		{AA0C00CB-8699-4F37-BFAE-40CA87ACC06D}.CodeAnalysisDebug|x64.Build.0 = CodeAnalysisDebug|x64
		{AA0C00CB-8699-4F37-BFAE-40CA87ACC06D}.CodeAnalysisDebug|x86.ActiveCfg = CodeAnalysisDebug|x64
		{AA0C00CB-8699-4F37-BFAE-40CA87ACC06D}.Debug|Any CPU.ActiveCfg = Debug|Any CPU
		{AA0C00CB-8699-4F37-BFAE-40CA87ACC06D}.Debug|Any CPU.Build.0 = Debug|Any CPU
		{AA0C00CB-8699-4F37-BFAE-40CA87ACC06D}.Debug|Mixed Platforms.ActiveCfg = Debug|x64
		{AA0C00CB-8699-4F37-BFAE-40CA87ACC06D}.Debug|Mixed Platforms.Build.0 = Debug|x64
		{AA0C00CB-8699-4F37-BFAE-40CA87ACC06D}.Debug|Win32.ActiveCfg = Debug|x64
		{AA0C00CB-8699-4F37-BFAE-40CA87ACC06D}.Debug|x64.ActiveCfg = Debug|x64
		{AA0C00CB-8699-4F37-BFAE-40CA87ACC06D}.Debug|x64.Build.0 = Debug|x64
		{AA0C00CB-8699-4F37-BFAE-40CA87ACC06D}.Debug|x86.ActiveCfg = Debug|x64
		{AA0C00CB-8699-4F37-BFAE-40CA87ACC06D}.Release|Any CPU.ActiveCfg = Release|Any CPU
		{AA0C00CB-8699-4F37-BFAE-40CA87ACC06D}.Release|Any CPU.Build.0 = Release|Any CPU
		{AA0C00CB-8699-4F37-BFAE-40CA87ACC06D}.Release|Mixed Platforms.ActiveCfg = Release|x64
		{AA0C00CB-8699-4F37-BFAE-40CA87ACC06D}.Release|Mixed Platforms.Build.0 = Release|x64
		{AA0C00CB-8699-4F37-BFAE-40CA87ACC06D}.Release|Win32.ActiveCfg = Release|x64
		{AA0C00CB-8699-4F37-BFAE-40CA87ACC06D}.Release|x64.ActiveCfg = Release|x64
		{AA0C00CB-8699-4F37-BFAE-40CA87ACC06D}.Release|x64.Build.0 = Release|x64
		{AA0C00CB-8699-4F37-BFAE-40CA87ACC06D}.Release|x86.ActiveCfg = Release|x64
	EndGlobalSection
	GlobalSection(SolutionProperties) = preSolution
		HideSolutionNode = FALSE
	EndGlobalSection
EndGlobal
